
Microsoft Visual Studio Solution File, Format Version 12.00
# Visual Studio Version 16
VisualStudioVersion = 16.0.30011.22
MinimumVisualStudioVersion = 10.0.40219.1
Project("{FAE04EC0-301F-11D3-BF4B-00C04F79EFBC}") = "TheVigenereAlgorithm", "TheVigenereAlgorithm\TheVigenereAlgorithm.csproj", "{ECF44373-6472-48C2-A6CD-AF8064AE5F15}"
EndProject
Global
	GlobalSection(SolutionConfigurationPlatforms) = preSolution
		Debug|Any CPU = Debug|Any CPU
		Release|Any CPU = Release|Any CPU
	EndGlobalSection
	GlobalSection(ProjectConfigurationPlatforms) = postSolution
		{ECF44373-6472-48C2-A6CD-AF8064AE5F15}.Debug|Any CPU.ActiveCfg = Debug|Any CPU
		{ECF44373-6472-48C2-A6CD-AF8064AE5F15}.Debug|Any CPU.Build.0 = Debug|Any CPU
		{ECF44373-6472-48C2-A6CD-AF8064AE5F15}.Release|Any CPU.ActiveCfg = Release|Any CPU
		{ECF44373-6472-48C2-A6CD-AF8064AE5F15}.Release|Any CPU.Build.0 = Release|Any CPU
	EndGlobalSection
	GlobalSection(SolutionProperties) = preSolution
		HideSolutionNode = FALSE
	EndGlobalSection
	GlobalSection(ExtensibilityGlobals) = postSolution
		SolutionGuid = {4733AA35-FAC5-4A27-993B-78B6FA25FF9C}
	EndGlobalSection
EndGlobal
