
Microsoft Visual Studio Solution File, Format Version 12.00
# Visual Studio Version 16
VisualStudioVersion = 16.0.30011.22
MinimumVisualStudioVersion = 10.0.40219.1
Project("{9A19103F-16F7-4668-BE54-9A1E7A4F7556}") = "Notebook", "Laba\Notebook.csproj", "{AF2259C6-B007-4F1B-AACD-C85F431AB8DF}"
EndProject
Global
	GlobalSection(SolutionConfigurationPlatforms) = preSolution
		Debug|Any CPU = Debug|Any CPU
		Release|Any CPU = Release|Any CPU
	EndGlobalSection
	GlobalSection(ProjectConfigurationPlatforms) = postSolution
		{AF2259C6-B007-4F1B-AACD-C85F431AB8DF}.Debug|Any CPU.ActiveCfg = Debug|Any CPU
		{AF2259C6-B007-4F1B-AACD-C85F431AB8DF}.Debug|Any CPU.Build.0 = Debug|Any CPU
		{AF2259C6-B007-4F1B-AACD-C85F431AB8DF}.Release|Any CPU.ActiveCfg = Release|Any CPU
		{AF2259C6-B007-4F1B-AACD-C85F431AB8DF}.Release|Any CPU.Build.0 = Release|Any CPU
	EndGlobalSection
	GlobalSection(SolutionProperties) = preSolution
		HideSolutionNode = FALSE
	EndGlobalSection
	GlobalSection(ExtensibilityGlobals) = postSolution
		SolutionGuid = {32FA1777-D6A1-4A24-951C-CA73E6684B66}
	EndGlobalSection
EndGlobal
