
Microsoft Visual Studio Solution File, Format Version 12.00
# Visual Studio Version 16
VisualStudioVersion = 16.0.30011.22
MinimumVisualStudioVersion = 10.0.40219.1
Project("{FAE04EC0-301F-11D3-BF4B-00C04F79EFBC}") = "l10t10", "l10t10\l10t10.csproj", "{0F9BC308-C3EF-4F6A-9A44-3312806D42B4}"
EndProject
Global
	GlobalSection(SolutionConfigurationPlatforms) = preSolution
		Debug|Any CPU = Debug|Any CPU
		Release|Any CPU = Release|Any CPU
	EndGlobalSection
	GlobalSection(ProjectConfigurationPlatforms) = postSolution
		{0F9BC308-C3EF-4F6A-9A44-3312806D42B4}.Debug|Any CPU.ActiveCfg = Debug|Any CPU
		{0F9BC308-C3EF-4F6A-9A44-3312806D42B4}.Debug|Any CPU.Build.0 = Debug|Any CPU
		{0F9BC308-C3EF-4F6A-9A44-3312806D42B4}.Release|Any CPU.ActiveCfg = Release|Any CPU
		{0F9BC308-C3EF-4F6A-9A44-3312806D42B4}.Release|Any CPU.Build.0 = Release|Any CPU
	EndGlobalSection
	GlobalSection(SolutionProperties) = preSolution
		HideSolutionNode = FALSE
	EndGlobalSection
	GlobalSection(ExtensibilityGlobals) = postSolution
		SolutionGuid = {2D56AA7E-D3BD-4394-871E-CA0EDCF4DAE4}
	EndGlobalSection
EndGlobal
