
Microsoft Visual Studio Solution File, Format Version 12.00
# Visual Studio Version 16
VisualStudioVersion = 16.0.30011.22
MinimumVisualStudioVersion = 10.0.40219.1
Project("{FAE04EC0-301F-11D3-BF4B-00C04F79EFBC}") = "l10t6", "l10t6\l10t6.csproj", "{18F3C560-4A8A-48BF-9E52-7D89E85C0423}"
EndProject
Global
	GlobalSection(SolutionConfigurationPlatforms) = preSolution
		Debug|Any CPU = Debug|Any CPU
		Release|Any CPU = Release|Any CPU
	EndGlobalSection
	GlobalSection(ProjectConfigurationPlatforms) = postSolution
		{18F3C560-4A8A-48BF-9E52-7D89E85C0423}.Debug|Any CPU.ActiveCfg = Debug|Any CPU
		{18F3C560-4A8A-48BF-9E52-7D89E85C0423}.Debug|Any CPU.Build.0 = Debug|Any CPU
		{18F3C560-4A8A-48BF-9E52-7D89E85C0423}.Release|Any CPU.ActiveCfg = Release|Any CPU
		{18F3C560-4A8A-48BF-9E52-7D89E85C0423}.Release|Any CPU.Build.0 = Release|Any CPU
	EndGlobalSection
	GlobalSection(SolutionProperties) = preSolution
		HideSolutionNode = FALSE
	EndGlobalSection
	GlobalSection(ExtensibilityGlobals) = postSolution
		SolutionGuid = {9EB89060-D0CC-4FDD-AEB5-86BC74C3EF96}
	EndGlobalSection
EndGlobal
