
Microsoft Visual Studio Solution File, Format Version 12.00
# Visual Studio Version 16
VisualStudioVersion = 16.0.30011.22
MinimumVisualStudioVersion = 10.0.40219.1
Project("{FAE04EC0-301F-11D3-BF4B-00C04F79EFBC}") = "l10t7", "l10t7\l10t7.csproj", "{65D89B18-36F5-4820-BFFF-DE66F4D7D220}"
EndProject
Global
	GlobalSection(SolutionConfigurationPlatforms) = preSolution
		Debug|Any CPU = Debug|Any CPU
		Release|Any CPU = Release|Any CPU
	EndGlobalSection
	GlobalSection(ProjectConfigurationPlatforms) = postSolution
		{65D89B18-36F5-4820-BFFF-DE66F4D7D220}.Debug|Any CPU.ActiveCfg = Debug|Any CPU
		{65D89B18-36F5-4820-BFFF-DE66F4D7D220}.Debug|Any CPU.Build.0 = Debug|Any CPU
		{65D89B18-36F5-4820-BFFF-DE66F4D7D220}.Release|Any CPU.ActiveCfg = Release|Any CPU
		{65D89B18-36F5-4820-BFFF-DE66F4D7D220}.Release|Any CPU.Build.0 = Release|Any CPU
	EndGlobalSection
	GlobalSection(SolutionProperties) = preSolution
		HideSolutionNode = FALSE
	EndGlobalSection
	GlobalSection(ExtensibilityGlobals) = postSolution
		SolutionGuid = {15ADF7EC-8BBE-4D7D-AA19-B4F979A30BE3}
	EndGlobalSection
EndGlobal
