
Microsoft Visual Studio Solution File, Format Version 12.00
# Visual Studio Version 16
VisualStudioVersion = 16.0.30320.27
MinimumVisualStudioVersion = 10.0.40219.1
Project("{FAE04EC0-301F-11D3-BF4B-00C04F79EFBC}") = "TheVigenereCipher", "TheVigenereCipher\TheVigenereCipher.csproj", "{D8F5EDB4-565B-4303-9CE0-15FF53374A85}"
EndProject
Global
	GlobalSection(SolutionConfigurationPlatforms) = preSolution
		Debug|Any CPU = Debug|Any CPU
		Release|Any CPU = Release|Any CPU
	EndGlobalSection
	GlobalSection(ProjectConfigurationPlatforms) = postSolution
		{D8F5EDB4-565B-4303-9CE0-15FF53374A85}.Debug|Any CPU.ActiveCfg = Debug|Any CPU
		{D8F5EDB4-565B-4303-9CE0-15FF53374A85}.Debug|Any CPU.Build.0 = Debug|Any CPU
		{D8F5EDB4-565B-4303-9CE0-15FF53374A85}.Release|Any CPU.ActiveCfg = Release|Any CPU
		{D8F5EDB4-565B-4303-9CE0-15FF53374A85}.Release|Any CPU.Build.0 = Release|Any CPU
	EndGlobalSection
	GlobalSection(SolutionProperties) = preSolution
		HideSolutionNode = FALSE
	EndGlobalSection
	GlobalSection(ExtensibilityGlobals) = postSolution
		SolutionGuid = {F35EEB35-13F4-4F3F-BDF8-8C940F026957}
	EndGlobalSection
EndGlobal
