
Microsoft Visual Studio Solution File, Format Version 12.00
# Visual Studio Version 16
VisualStudioVersion = 16.0.30011.22
MinimumVisualStudioVersion = 10.0.40219.1
Project("{FAE04EC0-301F-11D3-BF4B-00C04F79EFBC}") = "l10t1", "l10t1\l10t1.csproj", "{1B9A0105-93B8-467E-995A-3CDBB83F9406}"
EndProject
Global
	GlobalSection(SolutionConfigurationPlatforms) = preSolution
		Debug|Any CPU = Debug|Any CPU
		Release|Any CPU = Release|Any CPU
	EndGlobalSection
	GlobalSection(ProjectConfigurationPlatforms) = postSolution
		{1B9A0105-93B8-467E-995A-3CDBB83F9406}.Debug|Any CPU.ActiveCfg = Debug|Any CPU
		{1B9A0105-93B8-467E-995A-3CDBB83F9406}.Debug|Any CPU.Build.0 = Debug|Any CPU
		{1B9A0105-93B8-467E-995A-3CDBB83F9406}.Release|Any CPU.ActiveCfg = Release|Any CPU
		{1B9A0105-93B8-467E-995A-3CDBB83F9406}.Release|Any CPU.Build.0 = Release|Any CPU
	EndGlobalSection
	GlobalSection(SolutionProperties) = preSolution
		HideSolutionNode = FALSE
	EndGlobalSection
	GlobalSection(ExtensibilityGlobals) = postSolution
		SolutionGuid = {183C033F-4F3D-4E08-AEED-F7167CD213C3}
	EndGlobalSection
EndGlobal
